
Microsoft Visual Studio Solution File, Format Version 12.00
# Visual Studio 15
VisualStudioVersion = 15.0.26730.12
MinimumVisualStudioVersion = 10.0.40219.1
Project("{8BC9CEB8-8B4A-11D0-8D11-00A0C91BC942}") = "LeetCode", "LeetCode\LeetCode.vcxproj", "{007706FB-EEC5-4ECE-B601-66040C608CFE}"
EndProject
Project("{8BC9CEB8-8B4A-11D0-8D11-00A0C91BC942}") = "461.Hamming Distance", "461.Hamming Distance\461.Hamming Distance.vcxproj", "{F199E893-EBFD-434A-942A-1D196C6EB5EE}"
EndProject
Global
	GlobalSection(SolutionConfigurationPlatforms) = preSolution
		Debug|x64 = Debug|x64
		Debug|x86 = Debug|x86
		Release|x64 = Release|x64
		Release|x86 = Release|x86
	EndGlobalSection
	GlobalSection(ProjectConfigurationPlatforms) = postSolution
		{007706FB-EEC5-4ECE-B601-66040C608CFE}.Debug|x64.ActiveCfg = Debug|x64
		{007706FB-EEC5-4ECE-B601-66040C608CFE}.Debug|x64.Build.0 = Debug|x64
		{007706FB-EEC5-4ECE-B601-66040C608CFE}.Debug|x86.ActiveCfg = Debug|Win32
		{007706FB-EEC5-4ECE-B601-66040C608CFE}.Debug|x86.Build.0 = Debug|Win32
		{007706FB-EEC5-4ECE-B601-66040C608CFE}.Release|x64.ActiveCfg = Release|x64
		{007706FB-EEC5-4ECE-B601-66040C608CFE}.Release|x64.Build.0 = Release|x64
		{007706FB-EEC5-4ECE-B601-66040C608CFE}.Release|x86.ActiveCfg = Release|Win32
		{007706FB-EEC5-4ECE-B601-66040C608CFE}.Release|x86.Build.0 = Release|Win32
		{F199E893-EBFD-434A-942A-1D196C6EB5EE}.Debug|x64.ActiveCfg = Debug|x64
		{F199E893-EBFD-434A-942A-1D196C6EB5EE}.Debug|x64.Build.0 = Debug|x64
		{F199E893-EBFD-434A-942A-1D196C6EB5EE}.Debug|x86.ActiveCfg = Debug|Win32
		{F199E893-EBFD-434A-942A-1D196C6EB5EE}.Debug|x86.Build.0 = Debug|Win32
		{F199E893-EBFD-434A-942A-1D196C6EB5EE}.Release|x64.ActiveCfg = Release|x64
		{F199E893-EBFD-434A-942A-1D196C6EB5EE}.Release|x64.Build.0 = Release|x64
		{F199E893-EBFD-434A-942A-1D196C6EB5EE}.Release|x86.ActiveCfg = Release|Win32
		{F199E893-EBFD-434A-942A-1D196C6EB5EE}.Release|x86.Build.0 = Release|Win32
	EndGlobalSection
	GlobalSection(SolutionProperties) = preSolution
		HideSolutionNode = FALSE
	EndGlobalSection
	GlobalSection(ExtensibilityGlobals) = postSolution
		SolutionGuid = {C4C748A7-E905-421E-9BA6-499AABC2FF33}
	EndGlobalSection
EndGlobal
