
Microsoft Visual Studio Solution File, Format Version 12.00
# Visual Studio 15
VisualStudioVersion = 15.0.27130.0
MinimumVisualStudioVersion = 10.0.40219.1
Project("{8BC9CEB8-8B4A-11D0-8D11-00A0C91BC942}") = "LeetCode", "LeetCode\LeetCode.vcxproj", "{007706FB-EEC5-4ECE-B601-66040C608CFE}"
EndProject
Project("{8BC9CEB8-8B4A-11D0-8D11-00A0C91BC942}") = "461.Hamming Distance", "461.Hamming Distance\461.Hamming Distance.vcxproj", "{F199E893-EBFD-434A-942A-1D196C6EB5EE}"
EndProject
Project("{8BC9CEB8-8B4A-11D0-8D11-00A0C91BC942}") = "728. Self Dividing Numbers", "728. Self Dividing Numbers\728. Self Dividing Numbers.vcxproj", "{78776BF8-AB1E-4D8F-83CF-40F3A39FCBF5}"
EndProject
Project("{8BC9CEB8-8B4A-11D0-8D11-00A0C91BC942}") = "657. Judge Route Circle", "657. Judge Route Circle\657. Judge Route Circle.vcxproj", "{5D11E1E0-0A54-4434-91EE-F43B3E119D9E}"
EndProject
Project("{8BC9CEB8-8B4A-11D0-8D11-00A0C91BC942}") = "617. Merge Two Binary Trees", "617. Merge Two Binary Trees\617. Merge Two Binary Trees.vcxproj", "{DA1B1ECA-0E0D-439E-A4FE-D6AF2A3E6BB8}"
EndProject
Project("{8BC9CEB8-8B4A-11D0-8D11-00A0C91BC942}") = "561. Array Partition I", "561. Array Partition I\561. Array Partition I.vcxproj", "{9721F8A9-004C-41CF-96E9-3D02BD9CC013}"
EndProject
Global
	GlobalSection(SolutionConfigurationPlatforms) = preSolution
		Debug|x64 = Debug|x64
		Debug|x86 = Debug|x86
		Release|x64 = Release|x64
		Release|x86 = Release|x86
	EndGlobalSection
	GlobalSection(ProjectConfigurationPlatforms) = postSolution
		{007706FB-EEC5-4ECE-B601-66040C608CFE}.Debug|x64.ActiveCfg = Debug|x64
		{007706FB-EEC5-4ECE-B601-66040C608CFE}.Debug|x64.Build.0 = Debug|x64
		{007706FB-EEC5-4ECE-B601-66040C608CFE}.Debug|x86.ActiveCfg = Debug|Win32
		{007706FB-EEC5-4ECE-B601-66040C608CFE}.Debug|x86.Build.0 = Debug|Win32
		{007706FB-EEC5-4ECE-B601-66040C608CFE}.Release|x64.ActiveCfg = Release|x64
		{007706FB-EEC5-4ECE-B601-66040C608CFE}.Release|x64.Build.0 = Release|x64
		{007706FB-EEC5-4ECE-B601-66040C608CFE}.Release|x86.ActiveCfg = Release|Win32
		{007706FB-EEC5-4ECE-B601-66040C608CFE}.Release|x86.Build.0 = Release|Win32
		{F199E893-EBFD-434A-942A-1D196C6EB5EE}.Debug|x64.ActiveCfg = Debug|x64
		{F199E893-EBFD-434A-942A-1D196C6EB5EE}.Debug|x64.Build.0 = Debug|x64
		{F199E893-EBFD-434A-942A-1D196C6EB5EE}.Debug|x86.ActiveCfg = Debug|Win32
		{F199E893-EBFD-434A-942A-1D196C6EB5EE}.Debug|x86.Build.0 = Debug|Win32
		{F199E893-EBFD-434A-942A-1D196C6EB5EE}.Release|x64.ActiveCfg = Release|x64
		{F199E893-EBFD-434A-942A-1D196C6EB5EE}.Release|x64.Build.0 = Release|x64
		{F199E893-EBFD-434A-942A-1D196C6EB5EE}.Release|x86.ActiveCfg = Release|Win32
		{F199E893-EBFD-434A-942A-1D196C6EB5EE}.Release|x86.Build.0 = Release|Win32
		{78776BF8-AB1E-4D8F-83CF-40F3A39FCBF5}.Debug|x64.ActiveCfg = Debug|x64
		{78776BF8-AB1E-4D8F-83CF-40F3A39FCBF5}.Debug|x64.Build.0 = Debug|x64
		{78776BF8-AB1E-4D8F-83CF-40F3A39FCBF5}.Debug|x86.ActiveCfg = Debug|Win32
		{78776BF8-AB1E-4D8F-83CF-40F3A39FCBF5}.Debug|x86.Build.0 = Debug|Win32
		{78776BF8-AB1E-4D8F-83CF-40F3A39FCBF5}.Release|x64.ActiveCfg = Release|x64
		{78776BF8-AB1E-4D8F-83CF-40F3A39FCBF5}.Release|x64.Build.0 = Release|x64
		{78776BF8-AB1E-4D8F-83CF-40F3A39FCBF5}.Release|x86.ActiveCfg = Release|Win32
		{78776BF8-AB1E-4D8F-83CF-40F3A39FCBF5}.Release|x86.Build.0 = Release|Win32
		{5D11E1E0-0A54-4434-91EE-F43B3E119D9E}.Debug|x64.ActiveCfg = Debug|x64
		{5D11E1E0-0A54-4434-91EE-F43B3E119D9E}.Debug|x64.Build.0 = Debug|x64
		{5D11E1E0-0A54-4434-91EE-F43B3E119D9E}.Debug|x86.ActiveCfg = Debug|Win32
		{5D11E1E0-0A54-4434-91EE-F43B3E119D9E}.Debug|x86.Build.0 = Debug|Win32
		{5D11E1E0-0A54-4434-91EE-F43B3E119D9E}.Release|x64.ActiveCfg = Release|x64
		{5D11E1E0-0A54-4434-91EE-F43B3E119D9E}.Release|x64.Build.0 = Release|x64
		{5D11E1E0-0A54-4434-91EE-F43B3E119D9E}.Release|x86.ActiveCfg = Release|Win32
		{5D11E1E0-0A54-4434-91EE-F43B3E119D9E}.Release|x86.Build.0 = Release|Win32
		{DA1B1ECA-0E0D-439E-A4FE-D6AF2A3E6BB8}.Debug|x64.ActiveCfg = Debug|x64
		{DA1B1ECA-0E0D-439E-A4FE-D6AF2A3E6BB8}.Debug|x64.Build.0 = Debug|x64
		{DA1B1ECA-0E0D-439E-A4FE-D6AF2A3E6BB8}.Debug|x86.ActiveCfg = Debug|Win32
		{DA1B1ECA-0E0D-439E-A4FE-D6AF2A3E6BB8}.Debug|x86.Build.0 = Debug|Win32
		{DA1B1ECA-0E0D-439E-A4FE-D6AF2A3E6BB8}.Release|x64.ActiveCfg = Release|x64
		{DA1B1ECA-0E0D-439E-A4FE-D6AF2A3E6BB8}.Release|x64.Build.0 = Release|x64
		{DA1B1ECA-0E0D-439E-A4FE-D6AF2A3E6BB8}.Release|x86.ActiveCfg = Release|Win32
		{DA1B1ECA-0E0D-439E-A4FE-D6AF2A3E6BB8}.Release|x86.Build.0 = Release|Win32
		{9721F8A9-004C-41CF-96E9-3D02BD9CC013}.Debug|x64.ActiveCfg = Debug|x64
		{9721F8A9-004C-41CF-96E9-3D02BD9CC013}.Debug|x64.Build.0 = Debug|x64
		{9721F8A9-004C-41CF-96E9-3D02BD9CC013}.Debug|x86.ActiveCfg = Debug|Win32
		{9721F8A9-004C-41CF-96E9-3D02BD9CC013}.Debug|x86.Build.0 = Debug|Win32
		{9721F8A9-004C-41CF-96E9-3D02BD9CC013}.Release|x64.ActiveCfg = Release|x64
		{9721F8A9-004C-41CF-96E9-3D02BD9CC013}.Release|x64.Build.0 = Release|x64
		{9721F8A9-004C-41CF-96E9-3D02BD9CC013}.Release|x86.ActiveCfg = Release|Win32
		{9721F8A9-004C-41CF-96E9-3D02BD9CC013}.Release|x86.Build.0 = Release|Win32
	EndGlobalSection
	GlobalSection(SolutionProperties) = preSolution
		HideSolutionNode = FALSE
	EndGlobalSection
	GlobalSection(ExtensibilityGlobals) = postSolution
		SolutionGuid = {C4C748A7-E905-421E-9BA6-499AABC2FF33}
	EndGlobalSection
EndGlobal
